// !$*UTF8*$!
{
	archiveVersion = 1;
	classes = {
	};
	objectVersion = 50;
	objects = {

/* Begin PBXBuildFile section */
		A5B88A4967A66E4BDC0D0432 /* Pods_ImageMemoryOptimizeDemo.framework in Frameworks */ = {isa = PBXBuildFile; fileRef = 691938CB73333B6300D6C201 /* Pods_ImageMemoryOptimizeDemo.framework */; };
		C17950C4233911A2008A8B22 /* img_10.jpg in Resources */ = {isa = PBXBuildFile; fileRef = C179507F233911A2008A8B22 /* img_10.jpg */; };
		C17950C5233911A2008A8B22 /* img_1.jpg in Resources */ = {isa = PBXBuildFile; fileRef = C1795080233911A2008A8B22 /* img_1.jpg */; };
		C17950C6233911A2008A8B22 /* img_0.jpg in Resources */ = {isa = PBXBuildFile; fileRef = C1795081233911A2008A8B22 /* img_0.jpg */; };
		C17950C7233911A2008A8B22 /* img_11.jpg in Resources */ = {isa = PBXBuildFile; fileRef = C1795082233911A2008A8B22 /* img_11.jpg */; };
		C17950C8233911A2008A8B22 /* img_13.jpg in Resources */ = {isa = PBXBuildFile; fileRef = C1795083233911A2008A8B22 /* img_13.jpg */; };
		C17950C9233911A2008A8B22 /* img_2.jpg in Resources */ = {isa = PBXBuildFile; fileRef = C1795084233911A2008A8B22 /* img_2.jpg */; };
		C17950CA233911A2008A8B22 /* img_3.jpg in Resources */ = {isa = PBXBuildFile; fileRef = C1795085233911A2008A8B22 /* img_3.jpg */; };
		C17950CB233911A2008A8B22 /* img_12.jpg in Resources */ = {isa = PBXBuildFile; fileRef = C1795086233911A2008A8B22 /* img_12.jpg */; };
		C17950CC233911A2008A8B22 /* img_16.jpg in Resources */ = {isa = PBXBuildFile; fileRef = C1795087233911A2008A8B22 /* img_16.jpg */; };
		C17950CD233911A2008A8B22 /* img_7.jpg in Resources */ = {isa = PBXBuildFile; fileRef = C1795088233911A2008A8B22 /* img_7.jpg */; };
		C17950CE233911A2008A8B22 /* img_6.jpg in Resources */ = {isa = PBXBuildFile; fileRef = C1795089233911A2008A8B22 /* img_6.jpg */; };
		C17950CF233911A2008A8B22 /* img_17.jpg in Resources */ = {isa = PBXBuildFile; fileRef = C179508A233911A2008A8B22 /* img_17.jpg */; };
		C17950D0233911A2008A8B22 /* img_29.jpg in Resources */ = {isa = PBXBuildFile; fileRef = C179508B233911A2008A8B22 /* img_29.jpg */; };
		C17950D1233911A2008A8B22 /* img_15.jpg in Resources */ = {isa = PBXBuildFile; fileRef = C179508C233911A2008A8B22 /* img_15.jpg */; };
		C17950D2233911A2008A8B22 /* img_4.jpg in Resources */ = {isa = PBXBuildFile; fileRef = C179508D233911A2008A8B22 /* img_4.jpg */; };
		C17950D3233911A2008A8B22 /* img_5.jpg in Resources */ = {isa = PBXBuildFile; fileRef = C179508E233911A2008A8B22 /* img_5.jpg */; };
		C17950D4233911A2008A8B22 /* img_14.jpg in Resources */ = {isa = PBXBuildFile; fileRef = C179508F233911A2008A8B22 /* img_14.jpg */; };
		C17950D5233911A2008A8B22 /* img_28.jpg in Resources */ = {isa = PBXBuildFile; fileRef = C1795090233911A2008A8B22 /* img_28.jpg */; };
		C17950D6233911A2008A8B22 /* img_31.jpg in Resources */ = {isa = PBXBuildFile; fileRef = C1795091233911A2008A8B22 /* img_31.jpg */; };
		C17950D7233911A2008A8B22 /* img_25.jpg in Resources */ = {isa = PBXBuildFile; fileRef = C1795092233911A2008A8B22 /* img_25.jpg */; };
		C17950D8233911A2008A8B22 /* img_19.jpg in Resources */ = {isa = PBXBuildFile; fileRef = C1795093233911A2008A8B22 /* img_19.jpg */; };
		C17950D9233911A2008A8B22 /* img_8.jpg in Resources */ = {isa = PBXBuildFile; fileRef = C1795094233911A2008A8B22 /* img_8.jpg */; };
		C17950DA233911A2008A8B22 /* img_9.jpg in Resources */ = {isa = PBXBuildFile; fileRef = C1795095233911A2008A8B22 /* img_9.jpg */; };
		C17950DB233911A2008A8B22 /* img_18.jpg in Resources */ = {isa = PBXBuildFile; fileRef = C1795096233911A2008A8B22 /* img_18.jpg */; };
		C17950DC233911A2008A8B22 /* img_24.jpg in Resources */ = {isa = PBXBuildFile; fileRef = C1795097233911A2008A8B22 /* img_24.jpg */; };
		C17950DD233911A2008A8B22 /* img_30.jpg in Resources */ = {isa = PBXBuildFile; fileRef = C1795098233911A2008A8B22 /* img_30.jpg */; };
		C17950DE233911A2008A8B22 /* img_26.jpg in Resources */ = {isa = PBXBuildFile; fileRef = C1795099233911A2008A8B22 /* img_26.jpg */; };
		C17950DF233911A2008A8B22 /* img_32.jpg in Resources */ = {isa = PBXBuildFile; fileRef = C179509A233911A2008A8B22 /* img_32.jpg */; };
		C17950E0233911A2008A8B22 /* img_33.jpg in Resources */ = {isa = PBXBuildFile; fileRef = C179509B233911A2008A8B22 /* img_33.jpg */; };
		C17950E1233911A2008A8B22 /* img_27.jpg in Resources */ = {isa = PBXBuildFile; fileRef = C179509C233911A2008A8B22 /* img_27.jpg */; };
		C17950E2233911A2008A8B22 /* img_23.jpg in Resources */ = {isa = PBXBuildFile; fileRef = C179509D233911A2008A8B22 /* img_23.jpg */; };
		C17950E3233911A2008A8B22 /* img_22.jpg in Resources */ = {isa = PBXBuildFile; fileRef = C179509E233911A2008A8B22 /* img_22.jpg */; };
		C17950E4233911A2008A8B22 /* img_20.jpg in Resources */ = {isa = PBXBuildFile; fileRef = C179509F233911A2008A8B22 /* img_20.jpg */; };
		C17950E5233911A2008A8B22 /* img_21.jpg in Resources */ = {isa = PBXBuildFile; fileRef = C17950A0233911A2008A8B22 /* img_21.jpg */; };
		C17950EA233912DF008A8B22 /* ImageCell.swift in Sources */ = {isa = PBXBuildFile; fileRef = C17950E8233912DF008A8B22 /* ImageCell.swift */; };
		C1BED2EE232FD1B100B16091 /* AppDelegate.swift in Sources */ = {isa = PBXBuildFile; fileRef = C1BED2ED232FD1B100B16091 /* AppDelegate.swift */; };
		C1BED2F0232FD1B100B16091 /* ViewController.swift in Sources */ = {isa = PBXBuildFile; fileRef = C1BED2EF232FD1B100B16091 /* ViewController.swift */; };
		C1BED2F3232FD1B100B16091 /* Main.storyboard in Resources */ = {isa = PBXBuildFile; fileRef = C1BED2F1232FD1B100B16091 /* Main.storyboard */; };
		C1BED2F5232FD1B300B16091 /* Assets.xcassets in Resources */ = {isa = PBXBuildFile; fileRef = C1BED2F4232FD1B300B16091 /* Assets.xcassets */; };
		C1BED2F8232FD1B300B16091 /* LaunchScreen.storyboard in Resources */ = {isa = PBXBuildFile; fileRef = C1BED2F6232FD1B300B16091 /* LaunchScreen.storyboard */; };
		C1BED300232FD6B300B16091 /* jpeg_1280_720.jpeg in Resources */ = {isa = PBXBuildFile; fileRef = C1BED2FF232FD6B300B16091 /* jpeg_1280_720.jpeg */; };
		C1BED302232FD6BF00B16091 /* PNG_transparency_demonstration_1.png in Resources */ = {isa = PBXBuildFile; fileRef = C1BED301232FD6BF00B16091 /* PNG_transparency_demonstration_1.png */; };
/* End PBXBuildFile section */

/* Begin PBXFileReference section */
		11212B9CD401A16A0E92C805 /* Pods-ImageMemoryOptimizeDemo.debug.xcconfig */ = {isa = PBXFileReference; includeInIndex = 1; lastKnownFileType = text.xcconfig; name = "Pods-ImageMemoryOptimizeDemo.debug.xcconfig"; path = "Pods/Target Support Files/Pods-ImageMemoryOptimizeDemo/Pods-ImageMemoryOptimizeDemo.debug.xcconfig"; sourceTree = "<group>"; };
		691938CB73333B6300D6C201 /* Pods_ImageMemoryOptimizeDemo.framework */ = {isa = PBXFileReference; explicitFileType = wrapper.framework; includeInIndex = 0; path = Pods_ImageMemoryOptimizeDemo.framework; sourceTree = BUILT_PRODUCTS_DIR; };
		BDF5C1E4F01A24A367F2779A /* Pods-ImageMemoryOptimizeDemo.release.xcconfig */ = {isa = PBXFileReference; includeInIndex = 1; lastKnownFileType = text.xcconfig; name = "Pods-ImageMemoryOptimizeDemo.release.xcconfig"; path = "Pods/Target Support Files/Pods-ImageMemoryOptimizeDemo/Pods-ImageMemoryOptimizeDemo.release.xcconfig"; sourceTree = "<group>"; };
		C179507F233911A2008A8B22 /* img_10.jpg */ = {isa = PBXFileReference; lastKnownFileType = image.jpeg; path = img_10.jpg; sourceTree = "<group>"; };
		C1795080233911A2008A8B22 /* img_1.jpg */ = {isa = PBXFileReference; lastKnownFileType = image.jpeg; path = img_1.jpg; sourceTree = "<group>"; };
		C1795081233911A2008A8B22 /* img_0.jpg */ = {isa = PBXFileReference; lastKnownFileType = image.jpeg; path = img_0.jpg; sourceTree = "<group>"; };
		C1795082233911A2008A8B22 /* img_11.jpg */ = {isa = PBXFileReference; lastKnownFileType = image.jpeg; path = img_11.jpg; sourceTree = "<group>"; };
		C1795083233911A2008A8B22 /* img_13.jpg */ = {isa = PBXFileReference; lastKnownFileType = image.jpeg; path = img_13.jpg; sourceTree = "<group>"; };
		C1795084233911A2008A8B22 /* img_2.jpg */ = {isa = PBXFileReference; lastKnownFileType = image.jpeg; path = img_2.jpg; sourceTree = "<group>"; };
		C1795085233911A2008A8B22 /* img_3.jpg */ = {isa = PBXFileReference; lastKnownFileType = image.jpeg; path = img_3.jpg; sourceTree = "<group>"; };
		C1795086233911A2008A8B22 /* img_12.jpg */ = {isa = PBXFileReference; lastKnownFileType = image.jpeg; path = img_12.jpg; sourceTree = "<group>"; };
		C1795087233911A2008A8B22 /* img_16.jpg */ = {isa = PBXFileReference; lastKnownFileType = image.jpeg; path = img_16.jpg; sourceTree = "<group>"; };
		C1795088233911A2008A8B22 /* img_7.jpg */ = {isa = PBXFileReference; lastKnownFileType = image.jpeg; path = img_7.jpg; sourceTree = "<group>"; };
		C1795089233911A2008A8B22 /* img_6.jpg */ = {isa = PBXFileReference; lastKnownFileType = image.jpeg; path = img_6.jpg; sourceTree = "<group>"; };
		C179508A233911A2008A8B22 /* img_17.jpg */ = {isa = PBXFileReference; lastKnownFileType = image.jpeg; path = img_17.jpg; sourceTree = "<group>"; };
		C179508B233911A2008A8B22 /* img_29.jpg */ = {isa = PBXFileReference; lastKnownFileType = image.jpeg; path = img_29.jpg; sourceTree = "<group>"; };
		C179508C233911A2008A8B22 /* img_15.jpg */ = {isa = PBXFileReference; lastKnownFileType = image.jpeg; path = img_15.jpg; sourceTree = "<group>"; };
		C179508D233911A2008A8B22 /* img_4.jpg */ = {isa = PBXFileReference; lastKnownFileType = image.jpeg; path = img_4.jpg; sourceTree = "<group>"; };
		C179508E233911A2008A8B22 /* img_5.jpg */ = {isa = PBXFileReference; lastKnownFileType = image.jpeg; path = img_5.jpg; sourceTree = "<group>"; };
		C179508F233911A2008A8B22 /* img_14.jpg */ = {isa = PBXFileReference; lastKnownFileType = image.jpeg; path = img_14.jpg; sourceTree = "<group>"; };
		C1795090233911A2008A8B22 /* img_28.jpg */ = {isa = PBXFileReference; lastKnownFileType = image.jpeg; path = img_28.jpg; sourceTree = "<group>"; };
		C1795091233911A2008A8B22 /* img_31.jpg */ = {isa = PBXFileReference; lastKnownFileType = image.jpeg; path = img_31.jpg; sourceTree = "<group>"; };
		C1795092233911A2008A8B22 /* img_25.jpg */ = {isa = PBXFileReference; lastKnownFileType = image.jpeg; path = img_25.jpg; sourceTree = "<group>"; };
		C1795093233911A2008A8B22 /* img_19.jpg */ = {isa = PBXFileReference; lastKnownFileType = image.jpeg; path = img_19.jpg; sourceTree = "<group>"; };
		C1795094233911A2008A8B22 /* img_8.jpg */ = {isa = PBXFileReference; lastKnownFileType = image.jpeg; path = img_8.jpg; sourceTree = "<group>"; };
		C1795095233911A2008A8B22 /* img_9.jpg */ = {isa = PBXFileReference; lastKnownFileType = image.jpeg; path = img_9.jpg; sourceTree = "<group>"; };
		C1795096233911A2008A8B22 /* img_18.jpg */ = {isa = PBXFileReference; lastKnownFileType = image.jpeg; path = img_18.jpg; sourceTree = "<group>"; };
		C1795097233911A2008A8B22 /* img_24.jpg */ = {isa = PBXFileReference; lastKnownFileType = image.jpeg; path = img_24.jpg; sourceTree = "<group>"; };
		C1795098233911A2008A8B22 /* img_30.jpg */ = {isa = PBXFileReference; lastKnownFileType = image.jpeg; path = img_30.jpg; sourceTree = "<group>"; };
		C1795099233911A2008A8B22 /* img_26.jpg */ = {isa = PBXFileReference; lastKnownFileType = image.jpeg; path = img_26.jpg; sourceTree = "<group>"; };
		C179509A233911A2008A8B22 /* img_32.jpg */ = {isa = PBXFileReference; lastKnownFileType = image.jpeg; path = img_32.jpg; sourceTree = "<group>"; };
		C179509B233911A2008A8B22 /* img_33.jpg */ = {isa = PBXFileReference; lastKnownFileType = image.jpeg; path = img_33.jpg; sourceTree = "<group>"; };
		C179509C233911A2008A8B22 /* img_27.jpg */ = {isa = PBXFileReference; lastKnownFileType = image.jpeg; path = img_27.jpg; sourceTree = "<group>"; };
		C179509D233911A2008A8B22 /* img_23.jpg */ = {isa = PBXFileReference; lastKnownFileType = image.jpeg; path = img_23.jpg; sourceTree = "<group>"; };
		C179509E233911A2008A8B22 /* img_22.jpg */ = {isa = PBXFileReference; lastKnownFileType = image.jpeg; path = img_22.jpg; sourceTree = "<group>"; };
		C179509F233911A2008A8B22 /* img_20.jpg */ = {isa = PBXFileReference; lastKnownFileType = image.jpeg; path = img_20.jpg; sourceTree = "<group>"; };
		C17950A0233911A2008A8B22 /* img_21.jpg */ = {isa = PBXFileReference; lastKnownFileType = image.jpeg; path = img_21.jpg; sourceTree = "<group>"; };
		C17950A2233911A2008A8B22 /* img_10.jpg */ = {isa = PBXFileReference; lastKnownFileType = image.jpeg; path = img_10.jpg; sourceTree = "<group>"; };
		C17950A3233911A2008A8B22 /* img_1.jpg */ = {isa = PBXFileReference; lastKnownFileType = image.jpeg; path = img_1.jpg; sourceTree = "<group>"; };
		C17950A4233911A2008A8B22 /* img_0.jpg */ = {isa = PBXFileReference; lastKnownFileType = image.jpeg; path = img_0.jpg; sourceTree = "<group>"; };
		C17950A5233911A2008A8B22 /* img_11.jpg */ = {isa = PBXFileReference; lastKnownFileType = image.jpeg; path = img_11.jpg; sourceTree = "<group>"; };
		C17950A6233911A2008A8B22 /* img_13.jpg */ = {isa = PBXFileReference; lastKnownFileType = image.jpeg; path = img_13.jpg; sourceTree = "<group>"; };
		C17950A7233911A2008A8B22 /* img_2.jpg */ = {isa = PBXFileReference; lastKnownFileType = image.jpeg; path = img_2.jpg; sourceTree = "<group>"; };
		C17950A8233911A2008A8B22 /* img_3.jpg */ = {isa = PBXFileReference; lastKnownFileType = image.jpeg; path = img_3.jpg; sourceTree = "<group>"; };
		C17950A9233911A2008A8B22 /* img_12.jpg */ = {isa = PBXFileReference; lastKnownFileType = image.jpeg; path = img_12.jpg; sourceTree = "<group>"; };
		C17950AA233911A2008A8B22 /* img_16.jpg */ = {isa = PBXFileReference; lastKnownFileType = image.jpeg; path = img_16.jpg; sourceTree = "<group>"; };
		C17950AB233911A2008A8B22 /* img_7.jpg */ = {isa = PBXFileReference; lastKnownFileType = image.jpeg; path = img_7.jpg; sourceTree = "<group>"; };
		C17950AC233911A2008A8B22 /* img_6.jpg */ = {isa = PBXFileReference; lastKnownFileType = image.jpeg; path = img_6.jpg; sourceTree = "<group>"; };
		C17950AD233911A2008A8B22 /* img_17.jpg */ = {isa = PBXFileReference; lastKnownFileType = image.jpeg; path = img_17.jpg; sourceTree = "<group>"; };
		C17950AE233911A2008A8B22 /* img_29.jpg */ = {isa = PBXFileReference; lastKnownFileType = image.jpeg; path = img_29.jpg; sourceTree = "<group>"; };
		C17950AF233911A2008A8B22 /* img_15.jpg */ = {isa = PBXFileReference; lastKnownFileType = image.jpeg; path = img_15.jpg; sourceTree = "<group>"; };
		C17950B0233911A2008A8B22 /* img_4.jpg */ = {isa = PBXFileReference; lastKnownFileType = image.jpeg; path = img_4.jpg; sourceTree = "<group>"; };
		C17950B1233911A2008A8B22 /* img_5.jpg */ = {isa = PBXFileReference; lastKnownFileType = image.jpeg; path = img_5.jpg; sourceTree = "<group>"; };
		C17950B2233911A2008A8B22 /* img_14.jpg */ = {isa = PBXFileReference; lastKnownFileType = image.jpeg; path = img_14.jpg; sourceTree = "<group>"; };
		C17950B3233911A2008A8B22 /* img_28.jpg */ = {isa = PBXFileReference; lastKnownFileType = image.jpeg; path = img_28.jpg; sourceTree = "<group>"; };
		C17950B4233911A2008A8B22 /* img_31.jpg */ = {isa = PBXFileReference; lastKnownFileType = image.jpeg; path = img_31.jpg; sourceTree = "<group>"; };
		C17950B5233911A2008A8B22 /* img_25.jpg */ = {isa = PBXFileReference; lastKnownFileType = image.jpeg; path = img_25.jpg; sourceTree = "<group>"; };
		C17950B6233911A2008A8B22 /* img_19.jpg */ = {isa = PBXFileReference; lastKnownFileType = image.jpeg; path = img_19.jpg; sourceTree = "<group>"; };
		C17950B7233911A2008A8B22 /* img_8.jpg */ = {isa = PBXFileReference; lastKnownFileType = image.jpeg; path = img_8.jpg; sourceTree = "<group>"; };
		C17950B8233911A2008A8B22 /* img_9.jpg */ = {isa = PBXFileReference; lastKnownFileType = image.jpeg; path = img_9.jpg; sourceTree = "<group>"; };
		C17950B9233911A2008A8B22 /* img_18.jpg */ = {isa = PBXFileReference; lastKnownFileType = image.jpeg; path = img_18.jpg; sourceTree = "<group>"; };
		C17950BA233911A2008A8B22 /* img_24.jpg */ = {isa = PBXFileReference; lastKnownFileType = image.jpeg; path = img_24.jpg; sourceTree = "<group>"; };
		C17950BB233911A2008A8B22 /* img_30.jpg */ = {isa = PBXFileReference; lastKnownFileType = image.jpeg; path = img_30.jpg; sourceTree = "<group>"; };
		C17950BC233911A2008A8B22 /* img_26.jpg */ = {isa = PBXFileReference; lastKnownFileType = image.jpeg; path = img_26.jpg; sourceTree = "<group>"; };
		C17950BD233911A2008A8B22 /* img_32.jpg */ = {isa = PBXFileReference; lastKnownFileType = image.jpeg; path = img_32.jpg; sourceTree = "<group>"; };
		C17950BE233911A2008A8B22 /* img_33.jpg */ = {isa = PBXFileReference; lastKnownFileType = image.jpeg; path = img_33.jpg; sourceTree = "<group>"; };
		C17950BF233911A2008A8B22 /* img_27.jpg */ = {isa = PBXFileReference; lastKnownFileType = image.jpeg; path = img_27.jpg; sourceTree = "<group>"; };
		C17950C0233911A2008A8B22 /* img_23.jpg */ = {isa = PBXFileReference; lastKnownFileType = image.jpeg; path = img_23.jpg; sourceTree = "<group>"; };
		C17950C1233911A2008A8B22 /* img_22.jpg */ = {isa = PBXFileReference; lastKnownFileType = image.jpeg; path = img_22.jpg; sourceTree = "<group>"; };
		C17950C2233911A2008A8B22 /* img_20.jpg */ = {isa = PBXFileReference; lastKnownFileType = image.jpeg; path = img_20.jpg; sourceTree = "<group>"; };
		C17950C3233911A2008A8B22 /* img_21.jpg */ = {isa = PBXFileReference; lastKnownFileType = image.jpeg; path = img_21.jpg; sourceTree = "<group>"; };
		C17950E8233912DF008A8B22 /* ImageCell.swift */ = {isa = PBXFileReference; lastKnownFileType = sourcecode.swift; path = ImageCell.swift; sourceTree = "<group>"; };
		C1BED2EA232FD1B100B16091 /* ImageMemoryOptimizeDemo.app */ = {isa = PBXFileReference; explicitFileType = wrapper.application; includeInIndex = 0; path = ImageMemoryOptimizeDemo.app; sourceTree = BUILT_PRODUCTS_DIR; };
		C1BED2ED232FD1B100B16091 /* AppDelegate.swift */ = {isa = PBXFileReference; lastKnownFileType = sourcecode.swift; path = AppDelegate.swift; sourceTree = "<group>"; };
		C1BED2EF232FD1B100B16091 /* ViewController.swift */ = {isa = PBXFileReference; lastKnownFileType = sourcecode.swift; path = ViewController.swift; sourceTree = "<group>"; };
		C1BED2F2232FD1B100B16091 /* Base */ = {isa = PBXFileReference; lastKnownFileType = file.storyboard; name = Base; path = Base.lproj/Main.storyboard; sourceTree = "<group>"; };
		C1BED2F4232FD1B300B16091 /* Assets.xcassets */ = {isa = PBXFileReference; lastKnownFileType = folder.assetcatalog; path = Assets.xcassets; sourceTree = "<group>"; };
		C1BED2F7232FD1B300B16091 /* Base */ = {isa = PBXFileReference; lastKnownFileType = file.storyboard; name = Base; path = Base.lproj/LaunchScreen.storyboard; sourceTree = "<group>"; };
		C1BED2F9232FD1B300B16091 /* Info.plist */ = {isa = PBXFileReference; lastKnownFileType = text.plist.xml; path = Info.plist; sourceTree = "<group>"; };
		C1BED2FF232FD6B300B16091 /* jpeg_1280_720.jpeg */ = {isa = PBXFileReference; lastKnownFileType = image.jpeg; path = jpeg_1280_720.jpeg; sourceTree = "<group>"; };
		C1BED301232FD6BF00B16091 /* PNG_transparency_demonstration_1.png */ = {isa = PBXFileReference; lastKnownFileType = image.png; path = PNG_transparency_demonstration_1.png; sourceTree = "<group>"; };
/* End PBXFileReference section */

/* Begin PBXFrameworksBuildPhase section */
		C1BED2E7232FD1B100B16091 /* Frameworks */ = {
			isa = PBXFrameworksBuildPhase;
			buildActionMask = 2147483647;
			files = (
				A5B88A4967A66E4BDC0D0432 /* Pods_ImageMemoryOptimizeDemo.framework in Frameworks */,
			);
			runOnlyForDeploymentPostprocessing = 0;
		};
/* End PBXFrameworksBuildPhase section */

/* Begin PBXGroup section */
		0D0594B5BAA1A4DDBAEAE504 /* Pods */ = {
			isa = PBXGroup;
			children = (
				11212B9CD401A16A0E92C805 /* Pods-ImageMemoryOptimizeDemo.debug.xcconfig */,
				BDF5C1E4F01A24A367F2779A /* Pods-ImageMemoryOptimizeDemo.release.xcconfig */,
			);
			name = Pods;
			sourceTree = "<group>";
		};
		936467DDFCEFB1A60E6A32B8 /* Frameworks */ = {
			isa = PBXGroup;
			children = (
				691938CB73333B6300D6C201 /* Pods_ImageMemoryOptimizeDemo.framework */,
			);
			name = Frameworks;
			sourceTree = "<group>";
		};
		C179507E233911A2008A8B22 /* TestImages */ = {
			isa = PBXGroup;
			children = (
				C179507F233911A2008A8B22 /* img_10.jpg */,
				C1795080233911A2008A8B22 /* img_1.jpg */,
				C1795081233911A2008A8B22 /* img_0.jpg */,
				C1795082233911A2008A8B22 /* img_11.jpg */,
				C1795083233911A2008A8B22 /* img_13.jpg */,
				C1795084233911A2008A8B22 /* img_2.jpg */,
				C1795085233911A2008A8B22 /* img_3.jpg */,
				C1795086233911A2008A8B22 /* img_12.jpg */,
				C1795087233911A2008A8B22 /* img_16.jpg */,
				C1795088233911A2008A8B22 /* img_7.jpg */,
				C1795089233911A2008A8B22 /* img_6.jpg */,
				C179508A233911A2008A8B22 /* img_17.jpg */,
				C179508B233911A2008A8B22 /* img_29.jpg */,
				C179508C233911A2008A8B22 /* img_15.jpg */,
				C179508D233911A2008A8B22 /* img_4.jpg */,
				C179508E233911A2008A8B22 /* img_5.jpg */,
				C179508F233911A2008A8B22 /* img_14.jpg */,
				C1795090233911A2008A8B22 /* img_28.jpg */,
				C1795091233911A2008A8B22 /* img_31.jpg */,
				C1795092233911A2008A8B22 /* img_25.jpg */,
				C1795093233911A2008A8B22 /* img_19.jpg */,
				C1795094233911A2008A8B22 /* img_8.jpg */,
				C1795095233911A2008A8B22 /* img_9.jpg */,
				C1795096233911A2008A8B22 /* img_18.jpg */,
				C1795097233911A2008A8B22 /* img_24.jpg */,
				C1795098233911A2008A8B22 /* img_30.jpg */,
				C1795099233911A2008A8B22 /* img_26.jpg */,
				C179509A233911A2008A8B22 /* img_32.jpg */,
				C179509B233911A2008A8B22 /* img_33.jpg */,
				C179509C233911A2008A8B22 /* img_27.jpg */,
				C179509D233911A2008A8B22 /* img_23.jpg */,
				C179509E233911A2008A8B22 /* img_22.jpg */,
				C179509F233911A2008A8B22 /* img_20.jpg */,
				C17950A0233911A2008A8B22 /* img_21.jpg */,
			);
			name = TestImages;
			path = "../../../toturial/Article_KZ004-master/ImagePerfomanceTest/ImagePerfomanceTest/Resources/TestImages";
			sourceTree = "<group>";
		};
		C17950A1233911A2008A8B22 /* TestImages */ = {
			isa = PBXGroup;
			children = (
				C17950A2233911A2008A8B22 /* img_10.jpg */,
				C17950A3233911A2008A8B22 /* img_1.jpg */,
				C17950A4233911A2008A8B22 /* img_0.jpg */,
				C17950A5233911A2008A8B22 /* img_11.jpg */,
				C17950A6233911A2008A8B22 /* img_13.jpg */,
				C17950A7233911A2008A8B22 /* img_2.jpg */,
				C17950A8233911A2008A8B22 /* img_3.jpg */,
				C17950A9233911A2008A8B22 /* img_12.jpg */,
				C17950AA233911A2008A8B22 /* img_16.jpg */,
				C17950AB233911A2008A8B22 /* img_7.jpg */,
				C17950AC233911A2008A8B22 /* img_6.jpg */,
				C17950AD233911A2008A8B22 /* img_17.jpg */,
				C17950AE233911A2008A8B22 /* img_29.jpg */,
				C17950AF233911A2008A8B22 /* img_15.jpg */,
				C17950B0233911A2008A8B22 /* img_4.jpg */,
				C17950B1233911A2008A8B22 /* img_5.jpg */,
				C17950B2233911A2008A8B22 /* img_14.jpg */,
				C17950B3233911A2008A8B22 /* img_28.jpg */,
				C17950B4233911A2008A8B22 /* img_31.jpg */,
				C17950B5233911A2008A8B22 /* img_25.jpg */,
				C17950B6233911A2008A8B22 /* img_19.jpg */,
				C17950B7233911A2008A8B22 /* img_8.jpg */,
				C17950B8233911A2008A8B22 /* img_9.jpg */,
				C17950B9233911A2008A8B22 /* img_18.jpg */,
				C17950BA233911A2008A8B22 /* img_24.jpg */,
				C17950BB233911A2008A8B22 /* img_30.jpg */,
				C17950BC233911A2008A8B22 /* img_26.jpg */,
				C17950BD233911A2008A8B22 /* img_32.jpg */,
				C17950BE233911A2008A8B22 /* img_33.jpg */,
				C17950BF233911A2008A8B22 /* img_27.jpg */,
				C17950C0233911A2008A8B22 /* img_23.jpg */,
				C17950C1233911A2008A8B22 /* img_22.jpg */,
				C17950C2233911A2008A8B22 /* img_20.jpg */,
				C17950C3233911A2008A8B22 /* img_21.jpg */,
			);
			path = TestImages;
			sourceTree = "<group>";
		};
		C1BED2E1232FD1B100B16091 = {
			isa = PBXGroup;
			children = (
				C1BED2EC232FD1B100B16091 /* ImageMemoryOptimizeDemo */,
				C1BED2EB232FD1B100B16091 /* Products */,
				0D0594B5BAA1A4DDBAEAE504 /* Pods */,
				936467DDFCEFB1A60E6A32B8 /* Frameworks */,
			);
			sourceTree = "<group>";
		};
		C1BED2EB232FD1B100B16091 /* Products */ = {
			isa = PBXGroup;
			children = (
				C1BED2EA232FD1B100B16091 /* ImageMemoryOptimizeDemo.app */,
			);
			name = Products;
			sourceTree = "<group>";
		};
		C1BED2EC232FD1B100B16091 /* ImageMemoryOptimizeDemo */ = {
			isa = PBXGroup;
			children = (
				C179507E233911A2008A8B22 /* TestImages */,
				C1BED2ED232FD1B100B16091 /* AppDelegate.swift */,
				C1BED2EF232FD1B100B16091 /* ViewController.swift */,
				C17950E8233912DF008A8B22 /* ImageCell.swift */,
				C1BED2F1232FD1B100B16091 /* Main.storyboard */,
				C1BED2F4232FD1B300B16091 /* Assets.xcassets */,
				C17950A1233911A2008A8B22 /* TestImages */,
				C1BED2FF232FD6B300B16091 /* jpeg_1280_720.jpeg */,
				C1BED301232FD6BF00B16091 /* PNG_transparency_demonstration_1.png */,
				C1BED2F6232FD1B300B16091 /* LaunchScreen.storyboard */,
				C1BED2F9232FD1B300B16091 /* Info.plist */,
			);
			path = ImageMemoryOptimizeDemo;
			sourceTree = "<group>";
		};
/* End PBXGroup section */

/* Begin PBXNativeTarget section */
		C1BED2E9232FD1B100B16091 /* ImageMemoryOptimizeDemo */ = {
			isa = PBXNativeTarget;
			buildConfigurationList = C1BED2FC232FD1B300B16091 /* Build configuration list for PBXNativeTarget "ImageMemoryOptimizeDemo" */;
			buildPhases = (
				272473528A150513DFD55A2B /* [CP] Check Pods Manifest.lock */,
				C1BED2E6232FD1B100B16091 /* Sources */,
				C1BED2E7232FD1B100B16091 /* Frameworks */,
				C1BED2E8232FD1B100B16091 /* Resources */,
				13EC29D969606A0AD08D3407 /* [CP] Embed Pods Frameworks */,
			);
			buildRules = (
			);
			dependencies = (
			);
			name = ImageMemoryOptimizeDemo;
			productName = ImageMemoryOptimizeDemo;
			productReference = C1BED2EA232FD1B100B16091 /* ImageMemoryOptimizeDemo.app */;
			productType = "com.apple.product-type.application";
		};
/* End PBXNativeTarget section */

/* Begin PBXProject section */
		C1BED2E2232FD1B100B16091 /* Project object */ = {
			isa = PBXProject;
			attributes = {
				LastSwiftUpdateCheck = 1030;
				LastUpgradeCheck = 1030;
				ORGANIZATIONNAME = andrew54068;
				TargetAttributes = {
					C1BED2E9232FD1B100B16091 = {
						CreatedOnToolsVersion = 10.3;
					};
				};
			};
			buildConfigurationList = C1BED2E5232FD1B100B16091 /* Build configuration list for PBXProject "ImageMemoryOptimizeDemo" */;
			compatibilityVersion = "Xcode 9.3";
			developmentRegion = en;
			hasScannedForEncodings = 0;
			knownRegions = (
				en,
				Base,
			);
			mainGroup = C1BED2E1232FD1B100B16091;
			productRefGroup = C1BED2EB232FD1B100B16091 /* Products */;
			projectDirPath = "";
			projectRoot = "";
			targets = (
				C1BED2E9232FD1B100B16091 /* ImageMemoryOptimizeDemo */,
			);
		};
/* End PBXProject section */

/* Begin PBXResourcesBuildPhase section */
		C1BED2E8232FD1B100B16091 /* Resources */ = {
			isa = PBXResourcesBuildPhase;
			buildActionMask = 2147483647;
			files = (
				C17950CC233911A2008A8B22 /* img_16.jpg in Resources */,
				C17950E1233911A2008A8B22 /* img_27.jpg in Resources */,
				C17950C9233911A2008A8B22 /* img_2.jpg in Resources */,
				C17950D3233911A2008A8B22 /* img_5.jpg in Resources */,
				C17950D8233911A2008A8B22 /* img_19.jpg in Resources */,
				C17950C5233911A2008A8B22 /* img_1.jpg in Resources */,
				C17950D1233911A2008A8B22 /* img_15.jpg in Resources */,
				C17950C8233911A2008A8B22 /* img_13.jpg in Resources */,
				C1BED2F8232FD1B300B16091 /* LaunchScreen.storyboard in Resources */,
				C1BED2F5232FD1B300B16091 /* Assets.xcassets in Resources */,
				C17950D0233911A2008A8B22 /* img_29.jpg in Resources */,
				C17950E4233911A2008A8B22 /* img_20.jpg in Resources */,
				C17950D6233911A2008A8B22 /* img_31.jpg in Resources */,
				C17950DC233911A2008A8B22 /* img_24.jpg in Resources */,
				C17950C4233911A2008A8B22 /* img_10.jpg in Resources */,
				C17950DB233911A2008A8B22 /* img_18.jpg in Resources */,
				C17950CB233911A2008A8B22 /* img_12.jpg in Resources */,
				C17950E5233911A2008A8B22 /* img_21.jpg in Resources */,
				C17950CF233911A2008A8B22 /* img_17.jpg in Resources */,
				C17950D4233911A2008A8B22 /* img_14.jpg in Resources */,
				C17950C7233911A2008A8B22 /* img_11.jpg in Resources */,
				C17950D2233911A2008A8B22 /* img_4.jpg in Resources */,
				C17950D9233911A2008A8B22 /* img_8.jpg in Resources */,
				C17950D7233911A2008A8B22 /* img_25.jpg in Resources */,
				C17950C6233911A2008A8B22 /* img_0.jpg in Resources */,
				C17950CE233911A2008A8B22 /* img_6.jpg in Resources */,
				C1BED300232FD6B300B16091 /* jpeg_1280_720.jpeg in Resources */,
				C17950DD233911A2008A8B22 /* img_30.jpg in Resources */,
				C17950E0233911A2008A8B22 /* img_33.jpg in Resources */,
				C17950D5233911A2008A8B22 /* img_28.jpg in Resources */,
				C17950DF233911A2008A8B22 /* img_32.jpg in Resources */,
				C17950CD233911A2008A8B22 /* img_7.jpg in Resources */,
				C17950E3233911A2008A8B22 /* img_22.jpg in Resources */,
				C17950E2233911A2008A8B22 /* img_23.jpg in Resources */,
				C1BED302232FD6BF00B16091 /* PNG_transparency_demonstration_1.png in Resources */,
				C17950DA233911A2008A8B22 /* img_9.jpg in Resources */,
				C17950DE233911A2008A8B22 /* img_26.jpg in Resources */,
				C1BED2F3232FD1B100B16091 /* Main.storyboard in Resources */,
				C17950CA233911A2008A8B22 /* img_3.jpg in Resources */,
			);
			runOnlyForDeploymentPostprocessing = 0;
		};
/* End PBXResourcesBuildPhase section */

/* Begin PBXShellScriptBuildPhase section */
		13EC29D969606A0AD08D3407 /* [CP] Embed Pods Frameworks */ = {
			isa = PBXShellScriptBuildPhase;
			buildActionMask = 2147483647;
			files = (
			);
			inputPaths = (
				"${SRCROOT}/Pods/Target Support Files/Pods-ImageMemoryOptimizeDemo/Pods-ImageMemoryOptimizeDemo-frameworks.sh",
				"${BUILT_PRODUCTS_DIR}/CocoaDebug/CocoaDebug.framework",
			);
			name = "[CP] Embed Pods Frameworks";
			outputPaths = (
				"${TARGET_BUILD_DIR}/${FRAMEWORKS_FOLDER_PATH}/CocoaDebug.framework",
			);
			runOnlyForDeploymentPostprocessing = 0;
			shellPath = /bin/sh;
			shellScript = "\"${SRCROOT}/Pods/Target Support Files/Pods-ImageMemoryOptimizeDemo/Pods-ImageMemoryOptimizeDemo-frameworks.sh\"\n";
			showEnvVarsInLog = 0;
		};
		272473528A150513DFD55A2B /* [CP] Check Pods Manifest.lock */ = {
			isa = PBXShellScriptBuildPhase;
			buildActionMask = 2147483647;
			files = (
			);
			inputPaths = (
				"${PODS_PODFILE_DIR_PATH}/Podfile.lock",
				"${PODS_ROOT}/Manifest.lock",
			);
			name = "[CP] Check Pods Manifest.lock";
			outputPaths = (
				"$(DERIVED_FILE_DIR)/Pods-ImageMemoryOptimizeDemo-checkManifestLockResult.txt",
			);
			runOnlyForDeploymentPostprocessing = 0;
			shellPath = /bin/sh;
			shellScript = "diff \"${PODS_PODFILE_DIR_PATH}/Podfile.lock\" \"${PODS_ROOT}/Manifest.lock\" > /dev/null\nif [ $? != 0 ] ; then\n    # print error to STDERR\n    echo \"error: The sandbox is not in sync with the Podfile.lock. Run 'pod install' or update your CocoaPods installation.\" >&2\n    exit 1\nfi\n# This output is used by Xcode 'outputs' to avoid re-running this script phase.\necho \"SUCCESS\" > \"${SCRIPT_OUTPUT_FILE_0}\"\n";
			showEnvVarsInLog = 0;
		};
/* End PBXShellScriptBuildPhase section */

/* Begin PBXSourcesBuildPhase section */
		C1BED2E6232FD1B100B16091 /* Sources */ = {
			isa = PBXSourcesBuildPhase;
			buildActionMask = 2147483647;
			files = (
				C1BED2F0232FD1B100B16091 /* ViewController.swift in Sources */,
				C17950EA233912DF008A8B22 /* ImageCell.swift in Sources */,
				C1BED2EE232FD1B100B16091 /* AppDelegate.swift in Sources */,
			);
			runOnlyForDeploymentPostprocessing = 0;
		};
/* End PBXSourcesBuildPhase section */

/* Begin PBXVariantGroup section */
		C1BED2F1232FD1B100B16091 /* Main.storyboard */ = {
			isa = PBXVariantGroup;
			children = (
				C1BED2F2232FD1B100B16091 /* Base */,
			);
			name = Main.storyboard;
			sourceTree = "<group>";
		};
		C1BED2F6232FD1B300B16091 /* LaunchScreen.storyboard */ = {
			isa = PBXVariantGroup;
			children = (
				C1BED2F7232FD1B300B16091 /* Base */,
			);
			name = LaunchScreen.storyboard;
			sourceTree = "<group>";
		};
/* End PBXVariantGroup section */

/* Begin XCBuildConfiguration section */
		C1BED2FA232FD1B300B16091 /* Debug */ = {
			isa = XCBuildConfiguration;
			buildSettings = {
				ALWAYS_SEARCH_USER_PATHS = NO;
				CLANG_ANALYZER_NONNULL = YES;
				CLANG_ANALYZER_NUMBER_OBJECT_CONVERSION = YES_AGGRESSIVE;
				CLANG_CXX_LANGUAGE_STANDARD = "gnu++14";
				CLANG_CXX_LIBRARY = "libc++";
				CLANG_ENABLE_MODULES = YES;
				CLANG_ENABLE_OBJC_ARC = YES;
				CLANG_ENABLE_OBJC_WEAK = YES;
				CLANG_WARN_BLOCK_CAPTURE_AUTORELEASING = YES;
				CLANG_WARN_BOOL_CONVERSION = YES;
				CLANG_WARN_COMMA = YES;
				CLANG_WARN_CONSTANT_CONVERSION = YES;
				CLANG_WARN_DEPRECATED_OBJC_IMPLEMENTATIONS = YES;
				CLANG_WARN_DIRECT_OBJC_ISA_USAGE = YES_ERROR;
				CLANG_WARN_DOCUMENTATION_COMMENTS = YES;
				CLANG_WARN_EMPTY_BODY = YES;
				CLANG_WARN_ENUM_CONVERSION = YES;
				CLANG_WARN_INFINITE_RECURSION = YES;
				CLANG_WARN_INT_CONVERSION = YES;
				CLANG_WARN_NON_LITERAL_NULL_CONVERSION = YES;
				CLANG_WARN_OBJC_IMPLICIT_RETAIN_SELF = YES;
				CLANG_WARN_OBJC_LITERAL_CONVERSION = YES;
				CLANG_WARN_OBJC_ROOT_CLASS = YES_ERROR;
				CLANG_WARN_RANGE_LOOP_ANALYSIS = YES;
				CLANG_WARN_STRICT_PROTOTYPES = YES;
				CLANG_WARN_SUSPICIOUS_MOVE = YES;
				CLANG_WARN_UNGUARDED_AVAILABILITY = YES_AGGRESSIVE;
				CLANG_WARN_UNREACHABLE_CODE = YES;
				CLANG_WARN__DUPLICATE_METHOD_MATCH = YES;
				CODE_SIGN_IDENTITY = "iPhone Developer";
				COPY_PHASE_STRIP = NO;
				DEBUG_INFORMATION_FORMAT = dwarf;
				ENABLE_STRICT_OBJC_MSGSEND = YES;
				ENABLE_TESTABILITY = YES;
				GCC_C_LANGUAGE_STANDARD = gnu11;
				GCC_DYNAMIC_NO_PIC = NO;
				GCC_NO_COMMON_BLOCKS = YES;
				GCC_OPTIMIZATION_LEVEL = 0;
				GCC_PREPROCESSOR_DEFINITIONS = (
					"DEBUG=1",
					"$(inherited)",
				);
				GCC_WARN_64_TO_32_BIT_CONVERSION = YES;
				GCC_WARN_ABOUT_RETURN_TYPE = YES_ERROR;
				GCC_WARN_UNDECLARED_SELECTOR = YES;
				GCC_WARN_UNINITIALIZED_AUTOS = YES_AGGRESSIVE;
				GCC_WARN_UNUSED_FUNCTION = YES;
				GCC_WARN_UNUSED_VARIABLE = YES;
				IPHONEOS_DEPLOYMENT_TARGET = 12.4;
				MTL_ENABLE_DEBUG_INFO = INCLUDE_SOURCE;
				MTL_FAST_MATH = YES;
				ONLY_ACTIVE_ARCH = YES;
				SDKROOT = iphoneos;
				SWIFT_ACTIVE_COMPILATION_CONDITIONS = DEBUG;
				SWIFT_OPTIMIZATION_LEVEL = "-Onone";
			};
			name = Debug;
		};
		C1BED2FB232FD1B300B16091 /* Release */ = {
			isa = XCBuildConfiguration;
			buildSettings = {
				ALWAYS_SEARCH_USER_PATHS = NO;
				CLANG_ANALYZER_NONNULL = YES;
				CLANG_ANALYZER_NUMBER_OBJECT_CONVERSION = YES_AGGRESSIVE;
				CLANG_CXX_LANGUAGE_STANDARD = "gnu++14";
				CLANG_CXX_LIBRARY = "libc++";
				CLANG_ENABLE_MODULES = YES;
				CLANG_ENABLE_OBJC_ARC = YES;
				CLANG_ENABLE_OBJC_WEAK = YES;
				CLANG_WARN_BLOCK_CAPTURE_AUTORELEASING = YES;
				CLANG_WARN_BOOL_CONVERSION = YES;
				CLANG_WARN_COMMA = YES;
				CLANG_WARN_CONSTANT_CONVERSION = YES;
				CLANG_WARN_DEPRECATED_OBJC_IMPLEMENTATIONS = YES;
				CLANG_WARN_DIRECT_OBJC_ISA_USAGE = YES_ERROR;
				CLANG_WARN_DOCUMENTATION_COMMENTS = YES;
				CLANG_WARN_EMPTY_BODY = YES;
				CLANG_WARN_ENUM_CONVERSION = YES;
				CLANG_WARN_INFINITE_RECURSION = YES;
				CLANG_WARN_INT_CONVERSION = YES;
				CLANG_WARN_NON_LITERAL_NULL_CONVERSION = YES;
				CLANG_WARN_OBJC_IMPLICIT_RETAIN_SELF = YES;
				CLANG_WARN_OBJC_LITERAL_CONVERSION = YES;
				CLANG_WARN_OBJC_ROOT_CLASS = YES_ERROR;
				CLANG_WARN_RANGE_LOOP_ANALYSIS = YES;
				CLANG_WARN_STRICT_PROTOTYPES = YES;
				CLANG_WARN_SUSPICIOUS_MOVE = YES;
				CLANG_WARN_UNGUARDED_AVAILABILITY = YES_AGGRESSIVE;
				CLANG_WARN_UNREACHABLE_CODE = YES;
				CLANG_WARN__DUPLICATE_METHOD_MATCH = YES;
				CODE_SIGN_IDENTITY = "iPhone Developer";
				COPY_PHASE_STRIP = NO;
				DEBUG_INFORMATION_FORMAT = "dwarf-with-dsym";
				ENABLE_NS_ASSERTIONS = NO;
				ENABLE_STRICT_OBJC_MSGSEND = YES;
				GCC_C_LANGUAGE_STANDARD = gnu11;
				GCC_NO_COMMON_BLOCKS = YES;
				GCC_WARN_64_TO_32_BIT_CONVERSION = YES;
				GCC_WARN_ABOUT_RETURN_TYPE = YES_ERROR;
				GCC_WARN_UNDECLARED_SELECTOR = YES;
				GCC_WARN_UNINITIALIZED_AUTOS = YES_AGGRESSIVE;
				GCC_WARN_UNUSED_FUNCTION = YES;
				GCC_WARN_UNUSED_VARIABLE = YES;
				IPHONEOS_DEPLOYMENT_TARGET = 12.4;
				MTL_ENABLE_DEBUG_INFO = NO;
				MTL_FAST_MATH = YES;
				SDKROOT = iphoneos;
				SWIFT_COMPILATION_MODE = wholemodule;
				SWIFT_OPTIMIZATION_LEVEL = "-O";
				VALIDATE_PRODUCT = YES;
			};
			name = Release;
		};
		C1BED2FD232FD1B300B16091 /* Debug */ = {
			isa = XCBuildConfiguration;
			baseConfigurationReference = 11212B9CD401A16A0E92C805 /* Pods-ImageMemoryOptimizeDemo.debug.xcconfig */;
			buildSettings = {
				ASSETCATALOG_COMPILER_APPICON_NAME = AppIcon;
				CODE_SIGN_STYLE = Automatic;
				DEVELOPMENT_TEAM = 3CW8X9NUYB;
				INFOPLIST_FILE = ImageMemoryOptimizeDemo/Info.plist;
				LD_RUNPATH_SEARCH_PATHS = (
					"$(inherited)",
					"@executable_path/Frameworks",
				);
				PRODUCT_BUNDLE_IDENTIFIER = com.kidnapper.ImageMemoryOptimizeDemo;
				PRODUCT_NAME = "$(TARGET_NAME)";
				SWIFT_VERSION = 5.0;
				TARGETED_DEVICE_FAMILY = "1,2";
			};
			name = Debug;
		};
		C1BED2FE232FD1B300B16091 /* Release */ = {
			isa = XCBuildConfiguration;
			baseConfigurationReference = BDF5C1E4F01A24A367F2779A /* Pods-ImageMemoryOptimizeDemo.release.xcconfig */;
			buildSettings = {
				ASSETCATALOG_COMPILER_APPICON_NAME = AppIcon;
				CODE_SIGN_STYLE = Automatic;
				DEVELOPMENT_TEAM = 3CW8X9NUYB;
				INFOPLIST_FILE = ImageMemoryOptimizeDemo/Info.plist;
				LD_RUNPATH_SEARCH_PATHS = (
					"$(inherited)",
					"@executable_path/Frameworks",
				);
				PRODUCT_BUNDLE_IDENTIFIER = com.kidnapper.ImageMemoryOptimizeDemo;
				PRODUCT_NAME = "$(TARGET_NAME)";
				SWIFT_VERSION = 5.0;
				TARGETED_DEVICE_FAMILY = "1,2";
			};
			name = Release;
		};
/* End XCBuildConfiguration section */

/* Begin XCConfigurationList section */
		C1BED2E5232FD1B100B16091 /* Build configuration list for PBXProject "ImageMemoryOptimizeDemo" */ = {
			isa = XCConfigurationList;
			buildConfigurations = (
				C1BED2FA232FD1B300B16091 /* Debug */,
				C1BED2FB232FD1B300B16091 /* Release */,
			);
			defaultConfigurationIsVisible = 0;
			defaultConfigurationName = Release;
		};
		C1BED2FC232FD1B300B16091 /* Build configuration list for PBXNativeTarget "ImageMemoryOptimizeDemo" */ = {
			isa = XCConfigurationList;
			buildConfigurations = (
				C1BED2FD232FD1B300B16091 /* Debug */,
				C1BED2FE232FD1B300B16091 /* Release */,
			);
			defaultConfigurationIsVisible = 0;
			defaultConfigurationName = Release;
		};
/* End XCConfigurationList section */
	};
	rootObject = C1BED2E2232FD1B100B16091 /* Project object */;
}
